
Microsoft Visual Studio Solution File, Format Version 12.00
# Visual Studio 2013
VisualStudioVersion = 12.0.30723.0
MinimumVisualStudioVersion = 10.0.40219.1
Project("{FAE04EC0-301F-11D3-BF4B-00C04F79EFBC}") = "Languagetool", "Languagetool\Languagetool.csproj", "{FCD3DD29-AF77-4A33-B479-3D0569EA5CD3}"
EndProject
Project("{FAE04EC0-301F-11D3-BF4B-00C04F79EFBC}") = "Languagetool.Tests", "Languagetool.Tests\Languagetool.Tests.csproj", "{EE49EFA1-EF6D-4C90-B929-6E7FC196FDFB}"
EndProject
Project("{FAE04EC0-301F-11D3-BF4B-00C04F79EFBC}") = "ElyseConsole", "ElyseConsole\ElyseConsole.csproj", "{68AA11E1-5F42-47EC-A43C-367ED8F2E92B}"
EndProject
Project("{FAE04EC0-301F-11D3-BF4B-00C04F79EFBC}") = "ElyseLibrary", "ElyseLibrary\ElyseLibrary.csproj", "{72B50E23-E5F0-46B4-B836-26F992EA2B69}"
EndProject
Project("{FAE04EC0-301F-11D3-BF4B-00C04F79EFBC}") = "ElyseEngine", "ElyseEngine\ElyseEngine.csproj", "{E32C5FA2-385C-497B-BE94-567365BECF54}"
EndProject
Project("{FAE04EC0-301F-11D3-BF4B-00C04F79EFBC}") = "ElyseParser", "ElyseParser\ElyseParser.csproj", "{D69E63FA-65CE-4D3B-AB7E-C98AB57EACE1}"
EndProject
Project("{FAE04EC0-301F-11D3-BF4B-00C04F79EFBC}") = "ElyseRender", "ElyseRender\ElyseRender.csproj", "{7D10245A-BF61-491E-85DE-E78B6B5686E0}"
EndProject
Project("{FAE04EC0-301F-11D3-BF4B-00C04F79EFBC}") = "ElyseAdvisor", "ElyseAdvisor\ElyseAdvisor.csproj", "{C81CF61E-F2C5-4CE7-8DF0-D6785EED9E3A}"
EndProject
Project("{FAE04EC0-301F-11D3-BF4B-00C04F79EFBC}") = "ElyseVisitors", "ElyseVisitors\ElyseVisitors.csproj", "{350736BA-F381-40D6-86AA-5BD5EAB48E23}"
EndProject
Project("{FAE04EC0-301F-11D3-BF4B-00C04F79EFBC}") = "ElyseGUI", "ElyseGUI\ElyseGUI.csproj", "{8E3B106F-EBCA-4089-803C-7398132ADB2F}"
EndProject
Global
	GlobalSection(SolutionConfigurationPlatforms) = preSolution
		Debug|Any CPU = Debug|Any CPU
		Release|Any CPU = Release|Any CPU
	EndGlobalSection
	GlobalSection(ProjectConfigurationPlatforms) = postSolution
		{FCD3DD29-AF77-4A33-B479-3D0569EA5CD3}.Debug|Any CPU.ActiveCfg = Debug|Any CPU
		{FCD3DD29-AF77-4A33-B479-3D0569EA5CD3}.Debug|Any CPU.Build.0 = Debug|Any CPU
		{FCD3DD29-AF77-4A33-B479-3D0569EA5CD3}.Release|Any CPU.ActiveCfg = Release|Any CPU
		{FCD3DD29-AF77-4A33-B479-3D0569EA5CD3}.Release|Any CPU.Build.0 = Release|Any CPU
		{EE49EFA1-EF6D-4C90-B929-6E7FC196FDFB}.Debug|Any CPU.ActiveCfg = Debug|Any CPU
		{EE49EFA1-EF6D-4C90-B929-6E7FC196FDFB}.Debug|Any CPU.Build.0 = Debug|Any CPU
		{EE49EFA1-EF6D-4C90-B929-6E7FC196FDFB}.Release|Any CPU.ActiveCfg = Release|Any CPU
		{EE49EFA1-EF6D-4C90-B929-6E7FC196FDFB}.Release|Any CPU.Build.0 = Release|Any CPU
		{68AA11E1-5F42-47EC-A43C-367ED8F2E92B}.Debug|Any CPU.ActiveCfg = Debug|Any CPU
		{68AA11E1-5F42-47EC-A43C-367ED8F2E92B}.Debug|Any CPU.Build.0 = Debug|Any CPU
		{68AA11E1-5F42-47EC-A43C-367ED8F2E92B}.Release|Any CPU.ActiveCfg = Release|Any CPU
		{68AA11E1-5F42-47EC-A43C-367ED8F2E92B}.Release|Any CPU.Build.0 = Release|Any CPU
		{72B50E23-E5F0-46B4-B836-26F992EA2B69}.Debug|Any CPU.ActiveCfg = Debug|Any CPU
		{72B50E23-E5F0-46B4-B836-26F992EA2B69}.Debug|Any CPU.Build.0 = Debug|Any CPU
		{72B50E23-E5F0-46B4-B836-26F992EA2B69}.Release|Any CPU.ActiveCfg = Release|Any CPU
		{72B50E23-E5F0-46B4-B836-26F992EA2B69}.Release|Any CPU.Build.0 = Release|Any CPU
		{E32C5FA2-385C-497B-BE94-567365BECF54}.Debug|Any CPU.ActiveCfg = Debug|Any CPU
		{E32C5FA2-385C-497B-BE94-567365BECF54}.Debug|Any CPU.Build.0 = Debug|Any CPU
		{E32C5FA2-385C-497B-BE94-567365BECF54}.Release|Any CPU.ActiveCfg = Release|Any CPU
		{E32C5FA2-385C-497B-BE94-567365BECF54}.Release|Any CPU.Build.0 = Release|Any CPU
		{D69E63FA-65CE-4D3B-AB7E-C98AB57EACE1}.Debug|Any CPU.ActiveCfg = Debug|Any CPU
		{D69E63FA-65CE-4D3B-AB7E-C98AB57EACE1}.Debug|Any CPU.Build.0 = Debug|Any CPU
		{D69E63FA-65CE-4D3B-AB7E-C98AB57EACE1}.Release|Any CPU.ActiveCfg = Release|Any CPU
		{D69E63FA-65CE-4D3B-AB7E-C98AB57EACE1}.Release|Any CPU.Build.0 = Release|Any CPU
		{7D10245A-BF61-491E-85DE-E78B6B5686E0}.Debug|Any CPU.ActiveCfg = Debug|Any CPU
		{7D10245A-BF61-491E-85DE-E78B6B5686E0}.Debug|Any CPU.Build.0 = Debug|Any CPU
		{7D10245A-BF61-491E-85DE-E78B6B5686E0}.Release|Any CPU.ActiveCfg = Release|Any CPU
		{7D10245A-BF61-491E-85DE-E78B6B5686E0}.Release|Any CPU.Build.0 = Release|Any CPU
		{C81CF61E-F2C5-4CE7-8DF0-D6785EED9E3A}.Debug|Any CPU.ActiveCfg = Debug|Any CPU
		{C81CF61E-F2C5-4CE7-8DF0-D6785EED9E3A}.Debug|Any CPU.Build.0 = Debug|Any CPU
		{C81CF61E-F2C5-4CE7-8DF0-D6785EED9E3A}.Release|Any CPU.ActiveCfg = Release|Any CPU
		{C81CF61E-F2C5-4CE7-8DF0-D6785EED9E3A}.Release|Any CPU.Build.0 = Release|Any CPU
		{350736BA-F381-40D6-86AA-5BD5EAB48E23}.Debug|Any CPU.ActiveCfg = Debug|Any CPU
		{350736BA-F381-40D6-86AA-5BD5EAB48E23}.Debug|Any CPU.Build.0 = Debug|Any CPU
		{350736BA-F381-40D6-86AA-5BD5EAB48E23}.Release|Any CPU.ActiveCfg = Release|Any CPU
		{350736BA-F381-40D6-86AA-5BD5EAB48E23}.Release|Any CPU.Build.0 = Release|Any CPU
		{8E3B106F-EBCA-4089-803C-7398132ADB2F}.Debug|Any CPU.ActiveCfg = Debug|Any CPU
		{8E3B106F-EBCA-4089-803C-7398132ADB2F}.Debug|Any CPU.Build.0 = Debug|Any CPU
		{8E3B106F-EBCA-4089-803C-7398132ADB2F}.Release|Any CPU.ActiveCfg = Release|Any CPU
		{8E3B106F-EBCA-4089-803C-7398132ADB2F}.Release|Any CPU.Build.0 = Release|Any CPU
	EndGlobalSection
	GlobalSection(SolutionProperties) = preSolution
		HideSolutionNode = FALSE
	EndGlobalSection
	GlobalSection(MonoDevelopProperties) = preSolution
		StartupItem = Languagetool\Languagetool.csproj
	EndGlobalSection
EndGlobal
