
Microsoft Visual Studio Solution File, Format Version 12.00
# Visual Studio 2013
VisualStudioVersion = 12.0.30723.0
MinimumVisualStudioVersion = 10.0.40219.1
Project("{FAE04EC0-301F-11D3-BF4B-00C04F79EFBC}") = "Languagetool", "Languagetool\Languagetool.csproj", "{FCD3DD29-AF77-4A33-B479-3D0569EA5CD3}"
EndProject
Project("{FAE04EC0-301F-11D3-BF4B-00C04F79EFBC}") = "Languagetool.Tests", "Languagetool.Tests\Languagetool.Tests.csproj", "{EE49EFA1-EF6D-4C90-B929-6E7FC196FDFB}"
EndProject
Global
	GlobalSection(SolutionConfigurationPlatforms) = preSolution
		Debug|Any CPU = Debug|Any CPU
		Release|Any CPU = Release|Any CPU
	EndGlobalSection
	GlobalSection(ProjectConfigurationPlatforms) = postSolution
		{FCD3DD29-AF77-4A33-B479-3D0569EA5CD3}.Debug|Any CPU.ActiveCfg = Debug|Any CPU
		{FCD3DD29-AF77-4A33-B479-3D0569EA5CD3}.Debug|Any CPU.Build.0 = Debug|Any CPU
		{FCD3DD29-AF77-4A33-B479-3D0569EA5CD3}.Release|Any CPU.ActiveCfg = Release|Any CPU
		{FCD3DD29-AF77-4A33-B479-3D0569EA5CD3}.Release|Any CPU.Build.0 = Release|Any CPU
		{EE49EFA1-EF6D-4C90-B929-6E7FC196FDFB}.Debug|Any CPU.ActiveCfg = Debug|Any CPU
		{EE49EFA1-EF6D-4C90-B929-6E7FC196FDFB}.Debug|Any CPU.Build.0 = Debug|Any CPU
		{EE49EFA1-EF6D-4C90-B929-6E7FC196FDFB}.Release|Any CPU.ActiveCfg = Release|Any CPU
		{EE49EFA1-EF6D-4C90-B929-6E7FC196FDFB}.Release|Any CPU.Build.0 = Release|Any CPU
	EndGlobalSection
	GlobalSection(SolutionProperties) = preSolution
		HideSolutionNode = FALSE
	EndGlobalSection
	GlobalSection(MonoDevelopProperties) = preSolution
		StartupItem = Languagetool\Languagetool.csproj
	EndGlobalSection
EndGlobal
