
Microsoft Visual Studio Solution File, Format Version 12.00
# Visual Studio 2012
Project("{FAE04EC0-301F-11D3-BF4B-00C04F79EFBC}") = "Languagetool", "Languagetool\Languagetool.csproj", "{FCD3DD29-AF77-4A33-B479-3D0569EA5CD3}"
EndProject
Project("{FAE04EC0-301F-11D3-BF4B-00C04F79EFBC}") = "Languagetool.Tests", "Languagetool.Tests\Languagetool.Tests.csproj", "{8307AB2E-58A9-4207-9EEE-8DC39FAFACBE}"
EndProject
Project("{FAE04EC0-301F-11D3-BF4B-00C04F79EFBC}") = "Main", "Main\Main.csproj", "{A36BEB54-C4FE-45C6-A821-98DC883C4884}"
EndProject
Global
	GlobalSection(SolutionConfigurationPlatforms) = preSolution
		Debug|Any CPU = Debug|Any CPU
		Release|Any CPU = Release|Any CPU
	EndGlobalSection
	GlobalSection(ProjectConfigurationPlatforms) = postSolution
		{8307AB2E-58A9-4207-9EEE-8DC39FAFACBE}.Debug|Any CPU.ActiveCfg = Debug|Any CPU
		{8307AB2E-58A9-4207-9EEE-8DC39FAFACBE}.Debug|Any CPU.Build.0 = Debug|Any CPU
		{8307AB2E-58A9-4207-9EEE-8DC39FAFACBE}.Release|Any CPU.ActiveCfg = Release|Any CPU
		{8307AB2E-58A9-4207-9EEE-8DC39FAFACBE}.Release|Any CPU.Build.0 = Release|Any CPU
		{A36BEB54-C4FE-45C6-A821-98DC883C4884}.Debug|Any CPU.ActiveCfg = Debug|Any CPU
		{A36BEB54-C4FE-45C6-A821-98DC883C4884}.Debug|Any CPU.Build.0 = Debug|Any CPU
		{A36BEB54-C4FE-45C6-A821-98DC883C4884}.Release|Any CPU.ActiveCfg = Release|Any CPU
		{A36BEB54-C4FE-45C6-A821-98DC883C4884}.Release|Any CPU.Build.0 = Release|Any CPU
		{FCD3DD29-AF77-4A33-B479-3D0569EA5CD3}.Debug|Any CPU.ActiveCfg = Debug|Any CPU
		{FCD3DD29-AF77-4A33-B479-3D0569EA5CD3}.Debug|Any CPU.Build.0 = Debug|Any CPU
		{FCD3DD29-AF77-4A33-B479-3D0569EA5CD3}.Release|Any CPU.ActiveCfg = Release|Any CPU
		{FCD3DD29-AF77-4A33-B479-3D0569EA5CD3}.Release|Any CPU.Build.0 = Release|Any CPU
	EndGlobalSection
	GlobalSection(MonoDevelopProperties) = preSolution
		StartupItem = Main\Main.csproj
	EndGlobalSection
EndGlobal
